{
  "object": {
    "pins": [
      {
        "package": "kvKit-Swift",
        "repositoryURL": "https://github.com/keyvariable/kvKit-Swift.git",
        "state": {
          "branch": null,
          "revision": "5536bae739a508cf4062dd4a557c3f767539f08d",
          "version": "3.1.0-a.71"
        }
      }
    ]
  },
  "version": 1
}
