{
  "object": {
    "pins": [
      {
        "package": "kvKit-Swift",
        "repositoryURL": "https://github.com/keyvariable/kvKit-Swift.git",
        "state": {
          "branch": null,
          "revision": "e28a307f0cb4075ead52119e838f354903799d2f",
          "version": "3.3.0-a.5"
        }
      }
    ]
  },
  "version": 1
}
