{
  "object": {
    "pins": [
      {
        "package": "kvKit-Swift",
        "repositoryURL": "https://github.com/keyvariable/kvKit-Swift.git",
        "state": {
          "branch": null,
          "revision": "e2a81bf7794e322f6d831330f36b75dcbe1df22a",
          "version": "3.3.0"
        }
      }
    ]
  },
  "version": 1
}
